
Microsoft Visual Studio Solution File, Format Version 12.00
# Visual Studio Version 16
VisualStudioVersion = 16.0.30413.136
MinimumVisualStudioVersion = 10.0.40219.1
Project("{FAE04EC0-301F-11D3-BF4B-00C04F79EFBC}") = "CalculadoraRest", "CalculadoraRest\CalculadoraRest.csproj", "{D5B3E25A-8B59-494F-B766-C27C783B7F23}"
EndProject
Global
	GlobalSection(SolutionConfigurationPlatforms) = preSolution
		Debug|Any CPU = Debug|Any CPU
		Release|Any CPU = Release|Any CPU
	EndGlobalSection
	GlobalSection(ProjectConfigurationPlatforms) = postSolution
		{D5B3E25A-8B59-494F-B766-C27C783B7F23}.Debug|Any CPU.ActiveCfg = Debug|Any CPU
		{D5B3E25A-8B59-494F-B766-C27C783B7F23}.Debug|Any CPU.Build.0 = Debug|Any CPU
		{D5B3E25A-8B59-494F-B766-C27C783B7F23}.Release|Any CPU.ActiveCfg = Release|Any CPU
		{D5B3E25A-8B59-494F-B766-C27C783B7F23}.Release|Any CPU.Build.0 = Release|Any CPU
	EndGlobalSection
	GlobalSection(SolutionProperties) = preSolution
		HideSolutionNode = FALSE
	EndGlobalSection
	GlobalSection(ExtensibilityGlobals) = postSolution
		SolutionGuid = {8662D972-74F4-44B3-9A17-ECB2574EAA54}
	EndGlobalSection
EndGlobal
